{
  "lockfileVersion": 2,
  "configVersion": 1,
  "workspaces": {
    "": {
      "name": "phishpect-browser-extension",
      "dependencies": {
        "tldts": "^7.4.16",
      },
    },
  },
  "packages": {
    "tldts": ["tldts@7.4.16", "", { "dependencies": { "tldts-core": "^7.4.16" }, "bin": { "tldts": "bin/cli.js" } }, "sha512-QwBER5KMR86IIjpIiO7H/Z3IMJPsZ1A6RKPAqzTTgOyUQUSt9FdnKcqhTaJmkY6HVrgouZHZR0ncK5QxvmnQeg=="],

    "tldts-core": ["tldts-core@7.4.16", "", {}, "sha512-MDolfaSJtlSK5Y0A1xl3277ekubZwobpBjugknDizI9O5Rm60a1m8k4ICK+MRsCDzPygT81mp3BBf5RKDlFRfA=="],
  }
}
